
Microsoft Visual Studio Solution File, Format Version 12.00
# Visual Studio Version 16
VisualStudioVersion = 16.0.30128.74
MinimumVisualStudioVersion = 10.0.40219.1
Project("{FAE04EC0-301F-11D3-BF4B-00C04F79EFBC}") = "CheckAltronSite", "CheckAltronSite\CheckAltronSite.csproj", "{2B8A860B-6CC1-4900-BEDC-AE4937ACC8E8}"
EndProject
Global
	GlobalSection(SolutionConfigurationPlatforms) = preSolution
		Debug|Any CPU = Debug|Any CPU
		Release|Any CPU = Release|Any CPU
	EndGlobalSection
	GlobalSection(ProjectConfigurationPlatforms) = postSolution
		{2B8A860B-6CC1-4900-BEDC-AE4937ACC8E8}.Debug|Any CPU.ActiveCfg = Debug|Any CPU
		{2B8A860B-6CC1-4900-BEDC-AE4937ACC8E8}.Debug|Any CPU.Build.0 = Debug|Any CPU
		{2B8A860B-6CC1-4900-BEDC-AE4937ACC8E8}.Release|Any CPU.ActiveCfg = Release|Any CPU
		{2B8A860B-6CC1-4900-BEDC-AE4937ACC8E8}.Release|Any CPU.Build.0 = Release|Any CPU
	EndGlobalSection
	GlobalSection(SolutionProperties) = preSolution
		HideSolutionNode = FALSE
	EndGlobalSection
	GlobalSection(ExtensibilityGlobals) = postSolution
		SolutionGuid = {4FE2CFBB-68ED-41CA-B582-C677BB13E845}
	EndGlobalSection
EndGlobal
